{
  "version": 4,
  "terraform_version": "1.9.5",
  "serial": 10,
  "lineage": "b69f72f6-442e-aa2e-0056-f1e921c1ba22",
  "outputs": {},
  "resources": [
    {
      "mode": "managed",
      "type": "azurerm_resource_group",
      "name": "daniel_bot_group",
      "provider": "provider[\"registry.terraform.io/hashicorp/azurerm\"]",
      "instances": [
        {
          "schema_version": 0,
          "attributes": {
            "id": "/subscriptions/481c1d25-e4df-4209-9f20-6d3c0c28a214/resourceGroups/daniel_bot_group",
            "location": "eastus2",
            "managed_by": "",
            "name": "daniel_bot_group",
            "tags": {},
            "timeouts": null
          },
          "sensitive_attributes": [],
          "private": "eyJlMmJmYjczMC1lY2FhLTExZTYtOGY4OC0zNDM2M2JjN2M0YzAiOnsiY3JlYXRlIjo1NDAwMDAwMDAwMDAwLCJkZWxldGUiOjU0MDAwMDAwMDAwMDAsInJlYWQiOjMwMDAwMDAwMDAwMCwidXBkYXRlIjo1NDAwMDAwMDAwMDAwfX0="
        }
      ]
    },
    {
      "mode": "managed",
      "type": "azurerm_service_plan",
      "name": "daniel_bot_sp",
      "provider": "provider[\"registry.terraform.io/hashicorp/azurerm\"]",
      "instances": [
        {
          "schema_version": 1,
          "attributes": {
            "app_service_environment_id": "",
            "id": "/subscriptions/481c1d25-e4df-4209-9f20-6d3c0c28a214/resourceGroups/daniel_bot_group/providers/Microsoft.Web/serverFarms/daniel_bot_sp",
            "kind": "app",
            "location": "eastus2",
            "maximum_elastic_worker_count": 1,
            "name": "daniel_bot_sp",
            "os_type": "Windows",
            "per_site_scaling_enabled": false,
            "reserved": false,
            "resource_group_name": "daniel_bot_group",
            "sku_name": "B1",
            "tags": {},
            "timeouts": null,
            "worker_count": 1,
            "zone_balancing_enabled": false
          },
          "sensitive_attributes": [],
          "private": "eyJlMmJmYjczMC1lY2FhLTExZTYtOGY4OC0zNDM2M2JjN2M0YzAiOnsiY3JlYXRlIjozNjAwMDAwMDAwMDAwLCJkZWxldGUiOjM2MDAwMDAwMDAwMDAsInJlYWQiOjMwMDAwMDAwMDAwMCwidXBkYXRlIjozNjAwMDAwMDAwMDAwfSwic2NoZW1hX3ZlcnNpb24iOiIxIn0=",
          "dependencies": [
            "azurerm_resource_group.daniel_bot_group"
          ]
        }
      ]
    },
    {
      "mode": "managed",
      "type": "azurerm_windows_web_app",
      "name": "daniel_bot_app",
      "provider": "provider[\"registry.terraform.io/hashicorp/azurerm\"]",
      "instances": [
        {
          "schema_version": 1,
          "attributes": {
            "app_settings": null,
            "auth_settings": [],
            "auth_settings_v2": [],
            "backup": [],
            "client_affinity_enabled": false,
            "client_certificate_enabled": false,
            "client_certificate_exclusion_paths": "",
            "client_certificate_mode": "Required",
            "connection_string": [],
            "custom_domain_verification_id": "AAF57CBAE38FFC9BFA90CC37DAFA24E4AB8A00C1FD178FF9CF3041B61BCF00B0",
            "default_hostname": "daniel-botapp.azurewebsites.net",
            "enabled": true,
            "ftp_publish_basic_authentication_enabled": true,
            "hosting_environment_id": "",
            "https_only": false,
            "id": "/subscriptions/481c1d25-e4df-4209-9f20-6d3c0c28a214/resourceGroups/daniel_bot_group/providers/Microsoft.Web/sites/daniel-botapp",
            "identity": [],
            "key_vault_reference_identity_id": "SystemAssigned",
            "kind": "app",
            "location": "eastus2",
            "logs": [],
            "name": "daniel-botapp",
            "outbound_ip_address_list": [
              "40.70.29.233",
              "104.209.236.89",
              "40.70.31.17",
              "104.209.194.52",
              "40.70.27.35"
            ],
            "outbound_ip_addresses": "40.70.29.233,104.209.236.89,40.70.31.17,104.209.194.52,40.70.27.35",
            "possible_outbound_ip_address_list": [
              "40.70.29.233",
              "104.209.236.89",
              "40.70.31.17",
              "104.209.194.52",
              "104.209.194.164",
              "104.209.233.92",
              "40.70.28.19",
              "20.22.127.179",
              "20.7.91.29",
              "20.22.126.180",
              "20.22.122.213",
              "20.85.87.98",
              "20.7.91.62",
              "20.7.91.63",
              "20.7.91.74",
              "20.7.91.75",
              "20.7.91.136",
              "20.7.91.137",
              "20.80.199.187",
              "40.70.27.35"
            ],
            "possible_outbound_ip_addresses": "40.70.29.233,104.209.236.89,40.70.31.17,104.209.194.52,104.209.194.164,104.209.233.92,40.70.28.19,20.22.127.179,20.7.91.29,20.22.126.180,20.22.122.213,20.85.87.98,20.7.91.62,20.7.91.63,20.7.91.74,20.7.91.75,20.7.91.136,20.7.91.137,20.80.199.187,40.70.27.35",
            "public_network_access_enabled": true,
            "resource_group_name": "daniel_bot_group",
            "service_plan_id": "/subscriptions/481c1d25-e4df-4209-9f20-6d3c0c28a214/resourceGroups/daniel_bot_group/providers/Microsoft.Web/serverFarms/daniel_bot_sp",
            "site_config": [
              {
                "always_on": false,
                "api_definition_url": "",
                "api_management_api_id": "",
                "app_command_line": "",
                "application_stack": [
                  {
                    "current_stack": "",
                    "docker_image_name": "",
                    "docker_registry_password": "",
                    "docker_registry_url": "",
                    "docker_registry_username": "",
                    "dotnet_core_version": "",
                    "dotnet_version": "v4.0",
                    "java_container": "",
                    "java_container_version": "",
                    "java_embedded_server_enabled": false,
                    "java_version": "",
                    "node_version": "",
                    "php_version": "5.6",
                    "python": false,
                    "tomcat_version": ""
                  }
                ],
                "auto_heal_setting": [],
                "container_registry_managed_identity_client_id": "",
                "container_registry_use_managed_identity": false,
                "cors": [],
                "default_documents": [
                  "Default.htm",
                  "Default.html",
                  "Default.asp",
                  "index.htm",
                  "index.html",
                  "iisstart.htm",
                  "default.aspx",
                  "index.php",
                  "hostingstart.html"
                ],
                "detailed_error_logging_enabled": false,
                "ftps_state": "Disabled",
                "handler_mapping": [],
                "health_check_eviction_time_in_min": 0,
                "health_check_path": "",
                "http2_enabled": false,
                "ip_restriction": [],
                "ip_restriction_default_action": "Allow",
                "linux_fx_version": "",
                "load_balancing_mode": "LeastRequests",
                "local_mysql_enabled": false,
                "managed_pipeline_mode": "Integrated",
                "minimum_tls_version": "1.2",
                "remote_debugging_enabled": false,
                "remote_debugging_version": "VS2022",
                "scm_ip_restriction": [],
                "scm_ip_restriction_default_action": "Allow",
                "scm_minimum_tls_version": "1.2",
                "scm_type": "None",
                "scm_use_main_ip_restriction": false,
                "use_32_bit_worker": true,
                "virtual_application": [],
                "vnet_route_all_enabled": false,
                "websockets_enabled": false,
                "windows_fx_version": "",
                "worker_count": 1
              }
            ],
            "site_credential": [
              {
                "name": "$daniel-botapp",
                "password": "hAscnFvm3rSzs8zaicy4hFi2eJzgY5k5DxnLegBiRxq110ykyKGl5q1k0Ch3"
              }
            ],
            "sticky_settings": [],
            "storage_account": [],
            "tags": null,
            "timeouts": null,
            "virtual_network_subnet_id": "",
            "webdeploy_publish_basic_authentication_enabled": true,
            "zip_deploy_file": ""
          },
          "sensitive_attributes": [
            [
              {
                "type": "get_attr",
                "value": "custom_domain_verification_id"
              }
            ],
            [
              {
                "type": "get_attr",
                "value": "site_config"
              },
              {
                "type": "index",
                "value": {
                  "value": 0,
                  "type": "number"
                }
              },
              {
                "type": "get_attr",
                "value": "application_stack"
              },
              {
                "type": "index",
                "value": {
                  "value": 0,
                  "type": "number"
                }
              },
              {
                "type": "get_attr",
                "value": "docker_registry_password"
              }
            ],
            [
              {
                "type": "get_attr",
                "value": "site_credential"
              }
            ]
          ],
          "private": "eyJlMmJmYjczMC1lY2FhLTExZTYtOGY4OC0zNDM2M2JjN2M0YzAiOnsiY3JlYXRlIjoxODAwMDAwMDAwMDAwLCJkZWxldGUiOjE4MDAwMDAwMDAwMDAsInJlYWQiOjMwMDAwMDAwMDAwMCwidXBkYXRlIjoxODAwMDAwMDAwMDAwfSwic2NoZW1hX3ZlcnNpb24iOiIxIn0=",
          "dependencies": [
            "azurerm_resource_group.daniel_bot_group",
            "azurerm_service_plan.daniel_bot_sp"
          ]
        }
      ]
    }
  ],
  "check_results": null
}
